
Microsoft Visual Studio Solution File, Format Version 12.00
# Visual Studio 15
VisualStudioVersion = 15.0.28307.421
MinimumVisualStudioVersion = 10.0.40219.1
Project("{FAE04EC0-301F-11D3-BF4B-00C04F79EFBC}") = "lab3q1", "lab3q1\lab3q1.csproj", "{F4EB7FDE-3637-4661-8F35-C84C9B889132}"
EndProject
Project("{FAE04EC0-301F-11D3-BF4B-00C04F79EFBC}") = "ClassLibrary", "ClassLibrary\ClassLibrary.csproj", "{7A7288C1-C17A-4713-B058-147DF2F44601}"
EndProject
Global
	GlobalSection(SolutionConfigurationPlatforms) = preSolution
		Debug|Any CPU = Debug|Any CPU
		Release|Any CPU = Release|Any CPU
	EndGlobalSection
	GlobalSection(ProjectConfigurationPlatforms) = postSolution
		{F4EB7FDE-3637-4661-8F35-C84C9B889132}.Debug|Any CPU.ActiveCfg = Debug|Any CPU
		{F4EB7FDE-3637-4661-8F35-C84C9B889132}.Debug|Any CPU.Build.0 = Debug|Any CPU
		{F4EB7FDE-3637-4661-8F35-C84C9B889132}.Release|Any CPU.ActiveCfg = Release|Any CPU
		{F4EB7FDE-3637-4661-8F35-C84C9B889132}.Release|Any CPU.Build.0 = Release|Any CPU
		{7A7288C1-C17A-4713-B058-147DF2F44601}.Debug|Any CPU.ActiveCfg = Debug|Any CPU
		{7A7288C1-C17A-4713-B058-147DF2F44601}.Debug|Any CPU.Build.0 = Debug|Any CPU
		{7A7288C1-C17A-4713-B058-147DF2F44601}.Release|Any CPU.ActiveCfg = Release|Any CPU
		{7A7288C1-C17A-4713-B058-147DF2F44601}.Release|Any CPU.Build.0 = Release|Any CPU
	EndGlobalSection
	GlobalSection(SolutionProperties) = preSolution
		HideSolutionNode = FALSE
	EndGlobalSection
	GlobalSection(ExtensibilityGlobals) = postSolution
		SolutionGuid = {5FBE02F1-964A-4B4A-BD50-B256D8CC9DC0}
	EndGlobalSection
EndGlobal
